
Microsoft Visual Studio Solution File, Format Version 12.00
# Visual Studio Version 16
VisualStudioVersion = 16.0.32510.428
MinimumVisualStudioVersion = 10.0.40219.1
Project("{FAE04EC0-301F-11D3-BF4B-00C04F79EFBC}") = "Projectsw", "Projectsw\Projectsw.csproj", "{D62A7AC7-AA12-4018-854B-83342D44D0EC}"
EndProject
Global
	GlobalSection(SolutionConfigurationPlatforms) = preSolution
		Debug|Any CPU = Debug|Any CPU
		Release|Any CPU = Release|Any CPU
	EndGlobalSection
	GlobalSection(ProjectConfigurationPlatforms) = postSolution
		{D62A7AC7-AA12-4018-854B-83342D44D0EC}.Debug|Any CPU.ActiveCfg = Debug|Any CPU
		{D62A7AC7-AA12-4018-854B-83342D44D0EC}.Debug|Any CPU.Build.0 = Debug|Any CPU
		{D62A7AC7-AA12-4018-854B-83342D44D0EC}.Release|Any CPU.ActiveCfg = Release|Any CPU
		{D62A7AC7-AA12-4018-854B-83342D44D0EC}.Release|Any CPU.Build.0 = Release|Any CPU
	EndGlobalSection
	GlobalSection(SolutionProperties) = preSolution
		HideSolutionNode = FALSE
	EndGlobalSection
	GlobalSection(ExtensibilityGlobals) = postSolution
		SolutionGuid = {8A7F36FA-406B-48AF-843A-025F8EC85482}
	EndGlobalSection
EndGlobal
